
Microsoft Visual Studio Solution File, Format Version 12.00
# Visual Studio 14
VisualStudioVersion = 14.0.23107.0
MinimumVisualStudioVersion = 10.0.40219.1
Project("{FAE04EC0-301F-11D3-BF4B-00C04F79EFBC}") = "ProspectieFiche", "ProspectieFiche\ProspectieFiche.csproj", "{792524A1-74DF-4B97-A093-92986902D5A1}"
EndProject
Project("{54435603-DBB4-11D2-8724-00A0C9A8B90C}") = "Willbox", "Willbox\Willbox.vdproj", "{712E370E-6BAB-41D6-8B18-CBC64449B885}"
EndProject
Global
	GlobalSection(SolutionConfigurationPlatforms) = preSolution
		Debug|Any CPU = Debug|Any CPU
		Release|Any CPU = Release|Any CPU
	EndGlobalSection
	GlobalSection(ProjectConfigurationPlatforms) = postSolution
		{792524A1-74DF-4B97-A093-92986902D5A1}.Debug|Any CPU.ActiveCfg = Debug|Any CPU
		{792524A1-74DF-4B97-A093-92986902D5A1}.Debug|Any CPU.Build.0 = Debug|Any CPU
		{792524A1-74DF-4B97-A093-92986902D5A1}.Release|Any CPU.ActiveCfg = Release|Any CPU
		{792524A1-74DF-4B97-A093-92986902D5A1}.Release|Any CPU.Build.0 = Release|Any CPU
		{712E370E-6BAB-41D6-8B18-CBC64449B885}.Debug|Any CPU.ActiveCfg = Debug
		{712E370E-6BAB-41D6-8B18-CBC64449B885}.Release|Any CPU.ActiveCfg = Release
	EndGlobalSection
	GlobalSection(SolutionProperties) = preSolution
		HideSolutionNode = FALSE
	EndGlobalSection
EndGlobal
